
Microsoft Visual Studio Solution File, Format Version 12.00
# Visual Studio Version 17
VisualStudioVersion = 17.0.31825.309
MinimumVisualStudioVersion = 10.0.40219.1
Project("{2150E333-8FDC-42A3-9474-1A3956D46DE8}") = "src", "src", "{11950D38-7073-4F34-AFFC-3CFF99746D5A}"
EndProject
Project("{9A19103F-16F7-4668-BE54-9A1E7A4F7556}") = "Pomelo.Wow.EventRegistration.WCL", "src\Pomelo.Wow.EventRegistration.WCL\Pomelo.Wow.EventRegistration.WCL.csproj", "{75354078-B373-4D21-BB36-8E67A30EAA47}"
EndProject
Project("{2150E333-8FDC-42A3-9474-1A3956D46DE8}") = "test", "test", "{D9CE928F-60E9-41F5-891A-E1492AE2976A}"
EndProject
Project("{9A19103F-16F7-4668-BE54-9A1E7A4F7556}") = "Pomelo.Wow.EventRegistration.WCL.Tests", "test\Pomelo.Wow.EventRegistration.WCL.Tests\Pomelo.Wow.EventRegistration.WCL.Tests.csproj", "{27D284EE-1468-4D35-8BDE-759B22635274}"
EndProject
Project("{9A19103F-16F7-4668-BE54-9A1E7A4F7556}") = "Pomelo.Wow.EventRegistration.Web", "src\Pomelo.Wow.EventRegistration.Web\Pomelo.Wow.EventRegistration.Web.csproj", "{B19F1F90-807A-47D9-A925-BEDFAE45C426}"
EndProject
Project("{9A19103F-16F7-4668-BE54-9A1E7A4F7556}") = "Pomelo.Wow.WeakAuras", "src\Pomelo.Wow.WeakAuras\Pomelo.Wow.WeakAuras.csproj", "{0950394A-EE07-47F5-AFC6-8CDD6C50CD28}"
EndProject
Project("{FAE04EC0-301F-11D3-BF4B-00C04F79EFBC}") = "Pomelo.Wow.MiniProgram", "src\Pomelo.Wow.MiniProgram\Pomelo.Wow.MiniProgram.csproj", "{5F58A350-8FCC-46CC-AF2A-47B8571BFD88}"
EndProject
Global
	GlobalSection(SolutionConfigurationPlatforms) = preSolution
		Debug|Any CPU = Debug|Any CPU
		Release|Any CPU = Release|Any CPU
	EndGlobalSection
	GlobalSection(ProjectConfigurationPlatforms) = postSolution
		{75354078-B373-4D21-BB36-8E67A30EAA47}.Debug|Any CPU.ActiveCfg = Debug|Any CPU
		{75354078-B373-4D21-BB36-8E67A30EAA47}.Debug|Any CPU.Build.0 = Debug|Any CPU
		{75354078-B373-4D21-BB36-8E67A30EAA47}.Release|Any CPU.ActiveCfg = Release|Any CPU
		{75354078-B373-4D21-BB36-8E67A30EAA47}.Release|Any CPU.Build.0 = Release|Any CPU
		{27D284EE-1468-4D35-8BDE-759B22635274}.Debug|Any CPU.ActiveCfg = Debug|Any CPU
		{27D284EE-1468-4D35-8BDE-759B22635274}.Debug|Any CPU.Build.0 = Debug|Any CPU
		{27D284EE-1468-4D35-8BDE-759B22635274}.Release|Any CPU.ActiveCfg = Release|Any CPU
		{27D284EE-1468-4D35-8BDE-759B22635274}.Release|Any CPU.Build.0 = Release|Any CPU
		{B19F1F90-807A-47D9-A925-BEDFAE45C426}.Debug|Any CPU.ActiveCfg = Debug|Any CPU
		{B19F1F90-807A-47D9-A925-BEDFAE45C426}.Debug|Any CPU.Build.0 = Debug|Any CPU
		{B19F1F90-807A-47D9-A925-BEDFAE45C426}.Release|Any CPU.ActiveCfg = Release|Any CPU
		{B19F1F90-807A-47D9-A925-BEDFAE45C426}.Release|Any CPU.Build.0 = Release|Any CPU
		{0950394A-EE07-47F5-AFC6-8CDD6C50CD28}.Debug|Any CPU.ActiveCfg = Debug|Any CPU
		{0950394A-EE07-47F5-AFC6-8CDD6C50CD28}.Debug|Any CPU.Build.0 = Debug|Any CPU
		{0950394A-EE07-47F5-AFC6-8CDD6C50CD28}.Release|Any CPU.ActiveCfg = Release|Any CPU
		{0950394A-EE07-47F5-AFC6-8CDD6C50CD28}.Release|Any CPU.Build.0 = Release|Any CPU
		{5F58A350-8FCC-46CC-AF2A-47B8571BFD88}.Debug|Any CPU.ActiveCfg = Debug|Any CPU
		{5F58A350-8FCC-46CC-AF2A-47B8571BFD88}.Debug|Any CPU.Build.0 = Debug|Any CPU
		{5F58A350-8FCC-46CC-AF2A-47B8571BFD88}.Release|Any CPU.ActiveCfg = Release|Any CPU
		{5F58A350-8FCC-46CC-AF2A-47B8571BFD88}.Release|Any CPU.Build.0 = Release|Any CPU
	EndGlobalSection
	GlobalSection(SolutionProperties) = preSolution
		HideSolutionNode = FALSE
	EndGlobalSection
	GlobalSection(NestedProjects) = preSolution
		{75354078-B373-4D21-BB36-8E67A30EAA47} = {11950D38-7073-4F34-AFFC-3CFF99746D5A}
		{27D284EE-1468-4D35-8BDE-759B22635274} = {D9CE928F-60E9-41F5-891A-E1492AE2976A}
		{B19F1F90-807A-47D9-A925-BEDFAE45C426} = {11950D38-7073-4F34-AFFC-3CFF99746D5A}
		{0950394A-EE07-47F5-AFC6-8CDD6C50CD28} = {11950D38-7073-4F34-AFFC-3CFF99746D5A}
		{5F58A350-8FCC-46CC-AF2A-47B8571BFD88} = {11950D38-7073-4F34-AFFC-3CFF99746D5A}
	EndGlobalSection
	GlobalSection(ExtensibilityGlobals) = postSolution
		SolutionGuid = {7ECD0A92-F08D-4378-92EA-C98994C621F0}
	EndGlobalSection
EndGlobal
